
Microsoft Visual Studio Solution File, Format Version 12.00
# Visual Studio Version 16
VisualStudioVersion = 16.0.31112.23
MinimumVisualStudioVersion = 10.0.40219.1
Project("{FAE04EC0-301F-11D3-BF4B-00C04F79EFBC}") = "CadenasEjercicio12", "CadenasEjercicio12\CadenasEjercicio12.csproj", "{457F604D-EEE3-4C8B-B400-671E2268AEFE}"
EndProject
Global
	GlobalSection(SolutionConfigurationPlatforms) = preSolution
		Debug|Any CPU = Debug|Any CPU
		Release|Any CPU = Release|Any CPU
	EndGlobalSection
	GlobalSection(ProjectConfigurationPlatforms) = postSolution
		{457F604D-EEE3-4C8B-B400-671E2268AEFE}.Debug|Any CPU.ActiveCfg = Debug|Any CPU
		{457F604D-EEE3-4C8B-B400-671E2268AEFE}.Debug|Any CPU.Build.0 = Debug|Any CPU
		{457F604D-EEE3-4C8B-B400-671E2268AEFE}.Release|Any CPU.ActiveCfg = Release|Any CPU
		{457F604D-EEE3-4C8B-B400-671E2268AEFE}.Release|Any CPU.Build.0 = Release|Any CPU
	EndGlobalSection
	GlobalSection(SolutionProperties) = preSolution
		HideSolutionNode = FALSE
	EndGlobalSection
	GlobalSection(ExtensibilityGlobals) = postSolution
		SolutionGuid = {0E04C3B8-8CF6-4D0D-B58F-4C2EB7DF72F1}
	EndGlobalSection
EndGlobal
